lockfileVersion: '9.0'

settings:
  autoInstallPeers: true
  excludeLinksFromLockfile: false

importers:

  .:
    devDependencies:
      miniprogram-api-typings:
        specifier: ^4.0.7
        version: 4.0.7

packages:

  miniprogram-api-typings@4.0.7:
    resolution: {integrity: sha512-sUxqpA1+JxnDWYjO6ihiLWNJl94WzjlhnDpozfBeC+w8Mpejjsc8JuxyC3Xisimj/gp5OYaJ7nd4fM6wepzhEQ==}

snapshots:

  miniprogram-api-typings@4.0.7: {}
